// !$*UTF8*$!
{
	archiveVersion = 1;
	classes = {
	};
	objectVersion = 46;
	objects = {

/* Begin PBXBuildFile section */
		7867BFEB1BE6A42D00B4EFA5 /* Constants.swift in Sources */ = {isa = PBXBuildFile; fileRef = 7867BFEA1BE6A42D00B4EFA5 /* Constants.swift */; };
		78810F4D1BE629420006E150 /* AppDelegate.swift in Sources */ = {isa = PBXBuildFile; fileRef = 78810F4C1BE629420006E150 /* AppDelegate.swift */; };
		78810F4F1BE629420006E150 /* ViewController.swift in Sources */ = {isa = PBXBuildFile; fileRef = 78810F4E1BE629420006E150 /* ViewController.swift */; };
		78810F521BE629420006E150 /* Main.storyboard in Resources */ = {isa = PBXBuildFile; fileRef = 78810F501BE629420006E150 /* Main.storyboard */; };
		78810F541BE629420006E150 /* Assets.xcassets in Resources */ = {isa = PBXBuildFile; fileRef = 78810F531BE629420006E150 /* Assets.xcassets */; };
		78810F571BE629420006E150 /* LaunchScreen.storyboard in Resources */ = {isa = PBXBuildFile; fileRef = 78810F551BE629420006E150 /* LaunchScreen.storyboard */; };
		78810F621BE629430006E150 /* ParseJSONSwift2Tests.swift in Sources */ = {isa = PBXBuildFile; fileRef = 78810F611BE629430006E150 /* ParseJSONSwift2Tests.swift */; };
		78810F6D1BE629430006E150 /* ParseJSONSwift2UITests.swift in Sources */ = {isa = PBXBuildFile; fileRef = 78810F6C1BE629430006E150 /* ParseJSONSwift2UITests.swift */; };
		78810F7C1BE629710006E150 /* Pokemon.swift in Sources */ = {isa = PBXBuildFile; fileRef = 78810F7B1BE629710006E150 /* Pokemon.swift */; };
		78810F7E1BE64E120006E150 /* pokemon.csv in Resources */ = {isa = PBXBuildFile; fileRef = 78810F7D1BE64E120006E150 /* pokemon.csv */; };
		78810F801BE654730006E150 /* music.mp3 in Resources */ = {isa = PBXBuildFile; fileRef = 78810F7F1BE654730006E150 /* music.mp3 */; };
		78810F831BE660400006E150 /* PokeCell.swift in Sources */ = {isa = PBXBuildFile; fileRef = 78810F821BE660400006E150 /* PokeCell.swift */; };
		78810F851BE6676C0006E150 /* CSVSwift.swift in Sources */ = {isa = PBXBuildFile; fileRef = 78810F841BE6676C0006E150 /* CSVSwift.swift */; };
		78810F8A1BE66F3E0006E150 /* Pokemon.ttf in Resources */ = {isa = PBXBuildFile; fileRef = 78810F891BE66F3E0006E150 /* Pokemon.ttf */; };
		78810F8C1BE6709F0006E150 /* music.png in Resources */ = {isa = PBXBuildFile; fileRef = 78810F8B1BE6709F0006E150 /* music.png */; };
		78810F901BE681240006E150 /* PokemonViewControllerDC.swift in Sources */ = {isa = PBXBuildFile; fileRef = 78810F8F1BE681240006E150 /* PokemonViewControllerDC.swift */; };
		879E09046E3BF8D09CE9384D /* Pods_ParseJSONSwift2.framework in Frameworks */ = {isa = PBXBuildFile; fileRef = 612CA06FD33631B37ED1AB5C /* Pods_ParseJSONSwift2.framework */; };
		C9AAF1E69CAF08BD2460C381 /* Pods.framework in Frameworks */ = {isa = PBXBuildFile; fileRef = 5D5B6A209F0EEBCAF7D8D196 /* Pods.framework */; };
/* End PBXBuildFile section */

/* Begin PBXContainerItemProxy section */
		78810F5E1BE629430006E150 /* PBXContainerItemProxy */ = {
			isa = PBXContainerItemProxy;
			containerPortal = 78810F411BE629420006E150 /* Project object */;
			proxyType = 1;
			remoteGlobalIDString = 78810F481BE629420006E150;
			remoteInfo = ParseJSONSwift2;
		};
		78810F691BE629430006E150 /* PBXContainerItemProxy */ = {
			isa = PBXContainerItemProxy;
			containerPortal = 78810F411BE629420006E150 /* Project object */;
			proxyType = 1;
			remoteGlobalIDString = 78810F481BE629420006E150;
			remoteInfo = ParseJSONSwift2;
		};
/* End PBXContainerItemProxy section */

/* Begin PBXFileReference section */
		5D5B6A209F0EEBCAF7D8D196 /* Pods.framework */ = {isa = PBXFileReference; explicitFileType = wrapper.framework; includeInIndex = 0; path = Pods.framework; sourceTree = BUILT_PRODUCTS_DIR; };
		5E25984D7382B3F0F7C8C999 /* Pods-ParseJSONSwift2.debug.xcconfig */ = {isa = PBXFileReference; includeInIndex = 1; lastKnownFileType = text.xcconfig; name = "Pods-ParseJSONSwift2.debug.xcconfig"; path = "Pods/Target Support Files/Pods-ParseJSONSwift2/Pods-ParseJSONSwift2.debug.xcconfig"; sourceTree = "<group>"; };
		612CA06FD33631B37ED1AB5C /* Pods_ParseJSONSwift2.framework */ = {isa = PBXFileReference; explicitFileType = wrapper.framework; includeInIndex = 0; path = Pods_ParseJSONSwift2.framework; sourceTree = BUILT_PRODUCTS_DIR; };
		7867BFEA1BE6A42D00B4EFA5 /* Constants.swift */ = {isa = PBXFileReference; fileEncoding = 4; lastKnownFileType = sourcecode.swift; path = Constants.swift; sourceTree = "<group>"; };
		78810F491BE629420006E150 /* ParseJSONSwift2.app */ = {isa = PBXFileReference; explicitFileType = wrapper.application; includeInIndex = 0; path = ParseJSONSwift2.app; sourceTree = BUILT_PRODUCTS_DIR; };
		78810F4C1BE629420006E150 /* AppDelegate.swift */ = {isa = PBXFileReference; lastKnownFileType = sourcecode.swift; path = AppDelegate.swift; sourceTree = "<group>"; };
		78810F4E1BE629420006E150 /* ViewController.swift */ = {isa = PBXFileReference; lastKnownFileType = sourcecode.swift; path = ViewController.swift; sourceTree = "<group>"; };
		78810F511BE629420006E150 /* Base */ = {isa = PBXFileReference; lastKnownFileType = file.storyboard; name = Base; path = Base.lproj/Main.storyboard; sourceTree = "<group>"; };
		78810F531BE629420006E150 /* Assets.xcassets */ = {isa = PBXFileReference; lastKnownFileType = folder.assetcatalog; path = Assets.xcassets; sourceTree = "<group>"; };
		78810F561BE629420006E150 /* Base */ = {isa = PBXFileReference; lastKnownFileType = file.storyboard; name = Base; path = Base.lproj/LaunchScreen.storyboard; sourceTree = "<group>"; };
		78810F581BE629420006E150 /* Info.plist */ = {isa = PBXFileReference; lastKnownFileType = text.plist.xml; path = Info.plist; sourceTree = "<group>"; };
		78810F5D1BE629430006E150 /* ParseJSONSwift2Tests.xctest */ = {isa = PBXFileReference; explicitFileType = wrapper.cfbundle; includeInIndex = 0; path = ParseJSONSwift2Tests.xctest; sourceTree = BUILT_PRODUCTS_DIR; };
		78810F611BE629430006E150 /* ParseJSONSwift2Tests.swift */ = {isa = PBXFileReference; lastKnownFileType = sourcecode.swift; path = ParseJSONSwift2Tests.swift; sourceTree = "<group>"; };
		78810F631BE629430006E150 /* Info.plist */ = {isa = PBXFileReference; lastKnownFileType = text.plist.xml; path = Info.plist; sourceTree = "<group>"; };
		78810F681BE629430006E150 /* ParseJSONSwift2UITests.xctest */ = {isa = PBXFileReference; explicitFileType = wrapper.cfbundle; includeInIndex = 0; path = ParseJSONSwift2UITests.xctest; sourceTree = BUILT_PRODUCTS_DIR; };
		78810F6C1BE629430006E150 /* ParseJSONSwift2UITests.swift */ = {isa = PBXFileReference; lastKnownFileType = sourcecode.swift; path = ParseJSONSwift2UITests.swift; sourceTree = "<group>"; };
		78810F6E1BE629430006E150 /* Info.plist */ = {isa = PBXFileReference; lastKnownFileType = text.plist.xml; path = Info.plist; sourceTree = "<group>"; };
		78810F7B1BE629710006E150 /* Pokemon.swift */ = {isa = PBXFileReference; fileEncoding = 4; lastKnownFileType = sourcecode.swift; path = Pokemon.swift; sourceTree = "<group>"; };
		78810F7D1BE64E120006E150 /* pokemon.csv */ = {isa = PBXFileReference; fileEncoding = 4; lastKnownFileType = text; path = pokemon.csv; sourceTree = "<group>"; };
		78810F7F1BE654730006E150 /* music.mp3 */ = {isa = PBXFileReference; lastKnownFileType = audio.mp3; path = music.mp3; sourceTree = "<group>"; };
		78810F821BE660400006E150 /* PokeCell.swift */ = {isa = PBXFileReference; fileEncoding = 4; lastKnownFileType = sourcecode.swift; path = PokeCell.swift; sourceTree = "<group>"; };
		78810F841BE6676C0006E150 /* CSVSwift.swift */ = {isa = PBXFileReference; fileEncoding = 4; lastKnownFileType = sourcecode.swift; path = CSVSwift.swift; sourceTree = "<group>"; };
		78810F891BE66F3E0006E150 /* Pokemon.ttf */ = {isa = PBXFileReference; lastKnownFileType = file; path = Pokemon.ttf; sourceTree = "<group>"; };
		78810F8B1BE6709F0006E150 /* music.png */ = {isa = PBXFileReference; lastKnownFileType = image.png; path = music.png; sourceTree = "<group>"; };
		78810F8F1BE681240006E150 /* PokemonViewControllerDC.swift */ = {isa = PBXFileReference; fileEncoding = 4; lastKnownFileType = sourcecode.swift; path = PokemonViewControllerDC.swift; sourceTree = "<group>"; };
		F0BC3067662B3A8F8A5C14E7 /* Pods-ParseJSONSwift2.release.xcconfig */ = {isa = PBXFileReference; includeInIndex = 1; lastKnownFileType = text.xcconfig; name = "Pods-ParseJSONSwift2.release.xcconfig"; path = "Pods/Target Support Files/Pods-ParseJSONSwift2/Pods-ParseJSONSwift2.release.xcconfig"; sourceTree = "<group>"; };
/* End PBXFileReference section */

/* Begin PBXFrameworksBuildPhase section */
		78810F461BE629420006E150 /* Frameworks */ = {
			isa = PBXFrameworksBuildPhase;
			buildActionMask = 2147483647;
			files = (
				C9AAF1E69CAF08BD2460C381 /* Pods.framework in Frameworks */,
				879E09046E3BF8D09CE9384D /* Pods_ParseJSONSwift2.framework in Frameworks */,
			);
			runOnlyForDeploymentPostprocessing = 0;
		};
		78810F5A1BE629430006E150 /* Frameworks */ = {
			isa = PBXFrameworksBuildPhase;
			buildActionMask = 2147483647;
			files = (
			);
			runOnlyForDeploymentPostprocessing = 0;
		};
		78810F651BE629430006E150 /* Frameworks */ = {
			isa = PBXFrameworksBuildPhase;
			buildActionMask = 2147483647;
			files = (
			);
			runOnlyForDeploymentPostprocessing = 0;
		};
/* End PBXFrameworksBuildPhase section */

/* Begin PBXGroup section */
		03CBB5E6A56563490EED7D27 /* Pods */ = {
			isa = PBXGroup;
			children = (
				5E25984D7382B3F0F7C8C999 /* Pods-ParseJSONSwift2.debug.xcconfig */,
				F0BC3067662B3A8F8A5C14E7 /* Pods-ParseJSONSwift2.release.xcconfig */,
			);
			name = Pods;
			sourceTree = "<group>";
		};
		78810F401BE629420006E150 = {
			isa = PBXGroup;
			children = (
				78810F4B1BE629420006E150 /* ParseJSONSwift2 */,
				78810F601BE629430006E150 /* ParseJSONSwift2Tests */,
				78810F6B1BE629430006E150 /* ParseJSONSwift2UITests */,
				78810F4A1BE629420006E150 /* Products */,
				03CBB5E6A56563490EED7D27 /* Pods */,
				884AF871BE8E139297607691 /* Frameworks */,
			);
			sourceTree = "<group>";
		};
		78810F4A1BE629420006E150 /* Products */ = {
			isa = PBXGroup;
			children = (
				78810F491BE629420006E150 /* ParseJSONSwift2.app */,
				78810F5D1BE629430006E150 /* ParseJSONSwift2Tests.xctest */,
				78810F681BE629430006E150 /* ParseJSONSwift2UITests.xctest */,
			);
			name = Products;
			sourceTree = "<group>";
		};
		78810F4B1BE629420006E150 /* ParseJSONSwift2 */ = {
			isa = PBXGroup;
			children = (
				78810F881BE66F290006E150 /* Resource */,
				78810F871BE669DB0006E150 /* Util */,
				78810F861BE669B30006E150 /* Controller */,
				78810F7A1BE6295C0006E150 /* Model */,
				78810F811BE660170006E150 /* View */,
				78810F7F1BE654730006E150 /* music.mp3 */,
				78810F4C1BE629420006E150 /* AppDelegate.swift */,
				78810F501BE629420006E150 /* Main.storyboard */,
				78810F531BE629420006E150 /* Assets.xcassets */,
				78810F551BE629420006E150 /* LaunchScreen.storyboard */,
				78810F581BE629420006E150 /* Info.plist */,
			);
			path = ParseJSONSwift2;
			sourceTree = "<group>";
		};
		78810F601BE629430006E150 /* ParseJSONSwift2Tests */ = {
			isa = PBXGroup;
			children = (
				78810F611BE629430006E150 /* ParseJSONSwift2Tests.swift */,
				78810F631BE629430006E150 /* Info.plist */,
			);
			path = ParseJSONSwift2Tests;
			sourceTree = "<group>";
		};
		78810F6B1BE629430006E150 /* ParseJSONSwift2UITests */ = {
			isa = PBXGroup;
			children = (
				78810F6C1BE629430006E150 /* ParseJSONSwift2UITests.swift */,
				78810F6E1BE629430006E150 /* Info.plist */,
			);
			path = ParseJSONSwift2UITests;
			sourceTree = "<group>";
		};
		78810F7A1BE6295C0006E150 /* Model */ = {
			isa = PBXGroup;
			children = (
				78810F7B1BE629710006E150 /* Pokemon.swift */,
			);
			name = Model;
			sourceTree = "<group>";
		};
		78810F811BE660170006E150 /* View */ = {
			isa = PBXGroup;
			children = (
				78810F821BE660400006E150 /* PokeCell.swift */,
			);
			name = View;
			sourceTree = "<group>";
		};
		78810F861BE669B30006E150 /* Controller */ = {
			isa = PBXGroup;
			children = (
				78810F4E1BE629420006E150 /* ViewController.swift */,
				78810F8F1BE681240006E150 /* PokemonViewControllerDC.swift */,
			);
			name = Controller;
			sourceTree = "<group>";
		};
		78810F871BE669DB0006E150 /* Util */ = {
			isa = PBXGroup;
			children = (
				78810F841BE6676C0006E150 /* CSVSwift.swift */,
				7867BFEA1BE6A42D00B4EFA5 /* Constants.swift */,
			);
			name = Util;
			sourceTree = "<group>";
		};
		78810F881BE66F290006E150 /* Resource */ = {
			isa = PBXGroup;
			children = (
				78810F7D1BE64E120006E150 /* pokemon.csv */,
				78810F8B1BE6709F0006E150 /* music.png */,
				78810F891BE66F3E0006E150 /* Pokemon.ttf */,
			);
			name = Resource;
			sourceTree = "<group>";
		};
		884AF871BE8E139297607691 /* Frameworks */ = {
			isa = PBXGroup;
			children = (
				5D5B6A209F0EEBCAF7D8D196 /* Pods.framework */,
				612CA06FD33631B37ED1AB5C /* Pods_ParseJSONSwift2.framework */,
			);
			name = Frameworks;
			sourceTree = "<group>";
		};
/* End PBXGroup section */

/* Begin PBXNativeTarget section */
		78810F481BE629420006E150 /* ParseJSONSwift2 */ = {
			isa = PBXNativeTarget;
			buildConfigurationList = 78810F711BE629430006E150 /* Build configuration list for PBXNativeTarget "ParseJSONSwift2" */;
			buildPhases = (
				A5FF2B812BEA6FBFA50DB9EC /* Check Pods Manifest.lock */,
				78810F451BE629420006E150 /* Sources */,
				78810F461BE629420006E150 /* Frameworks */,
				78810F471BE629420006E150 /* Resources */,
				1660EE10F72458E81FF65CD9 /* Copy Pods Resources */,
				D329FC58065F5488A0226372 /* Embed Pods Frameworks */,
			);
			buildRules = (
			);
			dependencies = (
			);
			name = ParseJSONSwift2;
			productName = ParseJSONSwift2;
			productReference = 78810F491BE629420006E150 /* ParseJSONSwift2.app */;
			productType = "com.apple.product-type.application";
		};
		78810F5C1BE629430006E150 /* ParseJSONSwift2Tests */ = {
			isa = PBXNativeTarget;
			buildConfigurationList = 78810F741BE629430006E150 /* Build configuration list for PBXNativeTarget "ParseJSONSwift2Tests" */;
			buildPhases = (
				78810F591BE629430006E150 /* Sources */,
				78810F5A1BE629430006E150 /* Frameworks */,
				78810F5B1BE629430006E150 /* Resources */,
			);
			buildRules = (
			);
			dependencies = (
				78810F5F1BE629430006E150 /* PBXTargetDependency */,
			);
			name = ParseJSONSwift2Tests;
			productName = ParseJSONSwift2Tests;
			productReference = 78810F5D1BE629430006E150 /* ParseJSONSwift2Tests.xctest */;
			productType = "com.apple.product-type.bundle.unit-test";
		};
		78810F671BE629430006E150 /* ParseJSONSwift2UITests */ = {
			isa = PBXNativeTarget;
			buildConfigurationList = 78810F771BE629430006E150 /* Build configuration list for PBXNativeTarget "ParseJSONSwift2UITests" */;
			buildPhases = (
				78810F641BE629430006E150 /* Sources */,
				78810F651BE629430006E150 /* Frameworks */,
				78810F661BE629430006E150 /* Resources */,
			);
			buildRules = (
			);
			dependencies = (
				78810F6A1BE629430006E150 /* PBXTargetDependency */,
			);
			name = ParseJSONSwift2UITests;
			productName = ParseJSONSwift2UITests;
			productReference = 78810F681BE629430006E150 /* ParseJSONSwift2UITests.xctest */;
			productType = "com.apple.product-type.bundle.ui-testing";
		};
/* End PBXNativeTarget section */

/* Begin PBXProject section */
		78810F411BE629420006E150 /* Project object */ = {
			isa = PBXProject;
			attributes = {
				LastSwiftUpdateCheck = 0710;
				LastUpgradeCheck = 0710;
				ORGANIZATIONNAME = KBryan;
				TargetAttributes = {
					78810F481BE629420006E150 = {
						CreatedOnToolsVersion = 7.1;
					};
					78810F5C1BE629430006E150 = {
						CreatedOnToolsVersion = 7.1;
						TestTargetID = 78810F481BE629420006E150;
					};
					78810F671BE629430006E150 = {
						CreatedOnToolsVersion = 7.1;
						TestTargetID = 78810F481BE629420006E150;
					};
				};
			};
			buildConfigurationList = 78810F441BE629420006E150 /* Build configuration list for PBXProject "ParseJSONSwift2" */;
			compatibilityVersion = "Xcode 3.2";
			developmentRegion = English;
			hasScannedForEncodings = 0;
			knownRegions = (
				en,
				Base,
			);
			mainGroup = 78810F401BE629420006E150;
			productRefGroup = 78810F4A1BE629420006E150 /* Products */;
			projectDirPath = "";
			projectRoot = "";
			targets = (
				78810F481BE629420006E150 /* ParseJSONSwift2 */,
				78810F5C1BE629430006E150 /* ParseJSONSwift2Tests */,
				78810F671BE629430006E150 /* ParseJSONSwift2UITests */,
			);
		};
/* End PBXProject section */

/* Begin PBXResourcesBuildPhase section */
		78810F471BE629420006E150 /* Resources */ = {
			isa = PBXResourcesBuildPhase;
			buildActionMask = 2147483647;
			files = (
				78810F801BE654730006E150 /* music.mp3 in Resources */,
				78810F8C1BE6709F0006E150 /* music.png in Resources */,
				78810F571BE629420006E150 /* LaunchScreen.storyboard in Resources */,
				78810F541BE629420006E150 /* Assets.xcassets in Resources */,
				78810F7E1BE64E120006E150 /* pokemon.csv in Resources */,
				78810F8A1BE66F3E0006E150 /* Pokemon.ttf in Resources */,
				78810F521BE629420006E150 /* Main.storyboard in Resources */,
			);
			runOnlyForDeploymentPostprocessing = 0;
		};
		78810F5B1BE629430006E150 /* Resources */ = {
			isa = PBXResourcesBuildPhase;
			buildActionMask = 2147483647;
			files = (
			);
			runOnlyForDeploymentPostprocessing = 0;
		};
		78810F661BE629430006E150 /* Resources */ = {
			isa = PBXResourcesBuildPhase;
			buildActionMask = 2147483647;
			files = (
			);
			runOnlyForDeploymentPostprocessing = 0;
		};
/* End PBXResourcesBuildPhase section */

/* Begin PBXShellScriptBuildPhase section */
		1660EE10F72458E81FF65CD9 /* Copy Pods Resources */ = {
			isa = PBXShellScriptBuildPhase;
			buildActionMask = 2147483647;
			files = (
			);
			inputPaths = (
			);
			name = "Copy Pods Resources";
			outputPaths = (
			);
			runOnlyForDeploymentPostprocessing = 0;
			shellPath = /bin/sh;
			shellScript = "\"${SRCROOT}/Pods/Target Support Files/Pods-ParseJSONSwift2/Pods-ParseJSONSwift2-resources.sh\"\n";
			showEnvVarsInLog = 0;
		};
		A5FF2B812BEA6FBFA50DB9EC /* Check Pods Manifest.lock */ = {
			isa = PBXShellScriptBuildPhase;
			buildActionMask = 2147483647;
			files = (
			);
			inputPaths = (
			);
			name = "Check Pods Manifest.lock";
			outputPaths = (
			);
			runOnlyForDeploymentPostprocessing = 0;
			shellPath = /bin/sh;
			shellScript = "diff \"${PODS_ROOT}/../Podfile.lock\" \"${PODS_ROOT}/Manifest.lock\" > /dev/null\nif [[ $? != 0 ]] ; then\n    cat << EOM\nerror: The sandbox is not in sync with the Podfile.lock. Run 'pod install' or update your CocoaPods installation.\nEOM\n    exit 1\nfi\n";
			showEnvVarsInLog = 0;
		};
		D329FC58065F5488A0226372 /* Embed Pods Frameworks */ = {
			isa = PBXShellScriptBuildPhase;
			buildActionMask = 2147483647;
			files = (
			);
			inputPaths = (
			);
			name = "Embed Pods Frameworks";
			outputPaths = (
			);
			runOnlyForDeploymentPostprocessing = 0;
			shellPath = /bin/sh;
			shellScript = "\"${SRCROOT}/Pods/Target Support Files/Pods-ParseJSONSwift2/Pods-ParseJSONSwift2-frameworks.sh\"\n";
			showEnvVarsInLog = 0;
		};
/* End PBXShellScriptBuildPhase section */

/* Begin PBXSourcesBuildPhase section */
		78810F451BE629420006E150 /* Sources */ = {
			isa = PBXSourcesBuildPhase;
			buildActionMask = 2147483647;
			files = (
				78810F831BE660400006E150 /* PokeCell.swift in Sources */,
				78810F901BE681240006E150 /* PokemonViewControllerDC.swift in Sources */,
				78810F7C1BE629710006E150 /* Pokemon.swift in Sources */,
				78810F4F1BE629420006E150 /* ViewController.swift in Sources */,
				7867BFEB1BE6A42D00B4EFA5 /* Constants.swift in Sources */,
				78810F4D1BE629420006E150 /* AppDelegate.swift in Sources */,
				78810F851BE6676C0006E150 /* CSVSwift.swift in Sources */,
			);
			runOnlyForDeploymentPostprocessing = 0;
		};
		78810F591BE629430006E150 /* Sources */ = {
			isa = PBXSourcesBuildPhase;
			buildActionMask = 2147483647;
			files = (
				78810F621BE629430006E150 /* ParseJSONSwift2Tests.swift in Sources */,
			);
			runOnlyForDeploymentPostprocessing = 0;
		};
		78810F641BE629430006E150 /* Sources */ = {
			isa = PBXSourcesBuildPhase;
			buildActionMask = 2147483647;
			files = (
				78810F6D1BE629430006E150 /* ParseJSONSwift2UITests.swift in Sources */,
			);
			runOnlyForDeploymentPostprocessing = 0;
		};
/* End PBXSourcesBuildPhase section */

/* Begin PBXTargetDependency section */
		78810F5F1BE629430006E150 /* PBXTargetDependency */ = {
			isa = PBXTargetDependency;
			target = 78810F481BE629420006E150 /* ParseJSONSwift2 */;
			targetProxy = 78810F5E1BE629430006E150 /* PBXContainerItemProxy */;
		};
		78810F6A1BE629430006E150 /* PBXTargetDependency */ = {
			isa = PBXTargetDependency;
			target = 78810F481BE629420006E150 /* ParseJSONSwift2 */;
			targetProxy = 78810F691BE629430006E150 /* PBXContainerItemProxy */;
		};
/* End PBXTargetDependency section */

/* Begin PBXVariantGroup section */
		78810F501BE629420006E150 /* Main.storyboard */ = {
			isa = PBXVariantGroup;
			children = (
				78810F511BE629420006E150 /* Base */,
			);
			name = Main.storyboard;
			sourceTree = "<group>";
		};
		78810F551BE629420006E150 /* LaunchScreen.storyboard */ = {
			isa = PBXVariantGroup;
			children = (
				78810F561BE629420006E150 /* Base */,
			);
			name = LaunchScreen.storyboard;
			sourceTree = "<group>";
		};
/* End PBXVariantGroup section */

/* Begin XCBuildConfiguration section */
		78810F6F1BE629430006E150 /* Debug */ = {
			isa = XCBuildConfiguration;
			buildSettings = {
				ALWAYS_SEARCH_USER_PATHS = NO;
				CLANG_CXX_LANGUAGE_STANDARD = "gnu++0x";
				CLANG_CXX_LIBRARY = "libc++";
				CLANG_ENABLE_MODULES = YES;
				CLANG_ENABLE_OBJC_ARC = YES;
				CLANG_WARN_BOOL_CONVERSION = YES;
				CLANG_WARN_CONSTANT_CONVERSION = YES;
				CLANG_WARN_DIRECT_OBJC_ISA_USAGE = YES_ERROR;
				CLANG_WARN_EMPTY_BODY = YES;
				CLANG_WARN_ENUM_CONVERSION = YES;
				CLANG_WARN_INT_CONVERSION = YES;
				CLANG_WARN_OBJC_ROOT_CLASS = YES_ERROR;
				CLANG_WARN_UNREACHABLE_CODE = YES;
				CLANG_WARN__DUPLICATE_METHOD_MATCH = YES;
				"CODE_SIGN_IDENTITY[sdk=iphoneos*]" = "iPhone Developer";
				COPY_PHASE_STRIP = NO;
				DEBUG_INFORMATION_FORMAT = dwarf;
				ENABLE_STRICT_OBJC_MSGSEND = YES;
				ENABLE_TESTABILITY = YES;
				GCC_C_LANGUAGE_STANDARD = gnu99;
				GCC_DYNAMIC_NO_PIC = NO;
				GCC_NO_COMMON_BLOCKS = YES;
				GCC_OPTIMIZATION_LEVEL = 0;
				GCC_PREPROCESSOR_DEFINITIONS = (
					"DEBUG=1",
					"$(inherited)",
				);
				GCC_WARN_64_TO_32_BIT_CONVERSION = YES;
				GCC_WARN_ABOUT_RETURN_TYPE = YES_ERROR;
				GCC_WARN_UNDECLARED_SELECTOR = YES;
				GCC_WARN_UNINITIALIZED_AUTOS = YES_AGGRESSIVE;
				GCC_WARN_UNUSED_FUNCTION = YES;
				GCC_WARN_UNUSED_VARIABLE = YES;
				IPHONEOS_DEPLOYMENT_TARGET = 9.1;
				MTL_ENABLE_DEBUG_INFO = YES;
				ONLY_ACTIVE_ARCH = YES;
				SDKROOT = iphoneos;
				SWIFT_OPTIMIZATION_LEVEL = "-Onone";
				TARGETED_DEVICE_FAMILY = "1,2";
			};
			name = Debug;
		};
		78810F701BE629430006E150 /* Release */ = {
			isa = XCBuildConfiguration;
			buildSettings = {
				ALWAYS_SEARCH_USER_PATHS = NO;
				CLANG_CXX_LANGUAGE_STANDARD = "gnu++0x";
				CLANG_CXX_LIBRARY = "libc++";
				CLANG_ENABLE_MODULES = YES;
				CLANG_ENABLE_OBJC_ARC = YES;
				CLANG_WARN_BOOL_CONVERSION = YES;
				CLANG_WARN_CONSTANT_CONVERSION = YES;
				CLANG_WARN_DIRECT_OBJC_ISA_USAGE = YES_ERROR;
				CLANG_WARN_EMPTY_BODY = YES;
				CLANG_WARN_ENUM_CONVERSION = YES;
				CLANG_WARN_INT_CONVERSION = YES;
				CLANG_WARN_OBJC_ROOT_CLASS = YES_ERROR;
				CLANG_WARN_UNREACHABLE_CODE = YES;
				CLANG_WARN__DUPLICATE_METHOD_MATCH = YES;
				"CODE_SIGN_IDENTITY[sdk=iphoneos*]" = "iPhone Developer";
				COPY_PHASE_STRIP = NO;
				DEBUG_INFORMATION_FORMAT = "dwarf-with-dsym";
				ENABLE_NS_ASSERTIONS = NO;
				ENABLE_STRICT_OBJC_MSGSEND = YES;
				GCC_C_LANGUAGE_STANDARD = gnu99;
				GCC_NO_COMMON_BLOCKS = YES;
				GCC_WARN_64_TO_32_BIT_CONVERSION = YES;
				GCC_WARN_ABOUT_RETURN_TYPE = YES_ERROR;
				GCC_WARN_UNDECLARED_SELECTOR = YES;
				GCC_WARN_UNINITIALIZED_AUTOS = YES_AGGRESSIVE;
				GCC_WARN_UNUSED_FUNCTION = YES;
				GCC_WARN_UNUSED_VARIABLE = YES;
				IPHONEOS_DEPLOYMENT_TARGET = 9.1;
				MTL_ENABLE_DEBUG_INFO = NO;
				SDKROOT = iphoneos;
				TARGETED_DEVICE_FAMILY = "1,2";
				VALIDATE_PRODUCT = YES;
			};
			name = Release;
		};
		78810F721BE629430006E150 /* Debug */ = {
			isa = XCBuildConfiguration;
			baseConfigurationReference = 5E25984D7382B3F0F7C8C999 /* Pods-ParseJSONSwift2.debug.xcconfig */;
			buildSettings = {
				ASSETCATALOG_COMPILER_APPICON_NAME = AppIcon;
				INFOPLIST_FILE = ParseJSONSwift2/Info.plist;
				LD_RUNPATH_SEARCH_PATHS = "$(inherited) @executable_path/Frameworks";
				PRODUCT_BUNDLE_IDENTIFIER = com.3einteractive.ParseJSONSwift2;
				PRODUCT_NAME = "$(TARGET_NAME)";
			};
			name = Debug;
		};
		78810F731BE629430006E150 /* Release */ = {
			isa = XCBuildConfiguration;
			baseConfigurationReference = F0BC3067662B3A8F8A5C14E7 /* Pods-ParseJSONSwift2.release.xcconfig */;
			buildSettings = {
				ASSETCATALOG_COMPILER_APPICON_NAME = AppIcon;
				INFOPLIST_FILE = ParseJSONSwift2/Info.plist;
				LD_RUNPATH_SEARCH_PATHS = "$(inherited) @executable_path/Frameworks";
				PRODUCT_BUNDLE_IDENTIFIER = com.3einteractive.ParseJSONSwift2;
				PRODUCT_NAME = "$(TARGET_NAME)";
			};
			name = Release;
		};
		78810F751BE629430006E150 /* Debug */ = {
			isa = XCBuildConfiguration;
			buildSettings = {
				BUNDLE_LOADER = "$(TEST_HOST)";
				INFOPLIST_FILE = ParseJSONSwift2Tests/Info.plist;
				LD_RUNPATH_SEARCH_PATHS = "$(inherited) @executable_path/Frameworks @loader_path/Frameworks";
				PRODUCT_BUNDLE_IDENTIFIER = com.3einteractive.ParseJSONSwift2Tests;
				PRODUCT_NAME = "$(TARGET_NAME)";
				TEST_HOST = "$(BUILT_PRODUCTS_DIR)/ParseJSONSwift2.app/ParseJSONSwift2";
			};
			name = Debug;
		};
		78810F761BE629430006E150 /* Release */ = {
			isa = XCBuildConfiguration;
			buildSettings = {
				BUNDLE_LOADER = "$(TEST_HOST)";
				INFOPLIST_FILE = ParseJSONSwift2Tests/Info.plist;
				LD_RUNPATH_SEARCH_PATHS = "$(inherited) @executable_path/Frameworks @loader_path/Frameworks";
				PRODUCT_BUNDLE_IDENTIFIER = com.3einteractive.ParseJSONSwift2Tests;
				PRODUCT_NAME = "$(TARGET_NAME)";
				TEST_HOST = "$(BUILT_PRODUCTS_DIR)/ParseJSONSwift2.app/ParseJSONSwift2";
			};
			name = Release;
		};
		78810F781BE629430006E150 /* Debug */ = {
			isa = XCBuildConfiguration;
			buildSettings = {
				INFOPLIST_FILE = ParseJSONSwift2UITests/Info.plist;
				LD_RUNPATH_SEARCH_PATHS = "$(inherited) @executable_path/Frameworks @loader_path/Frameworks";
				PRODUCT_BUNDLE_IDENTIFIER = com.3einteractive.ParseJSONSwift2UITests;
				PRODUCT_NAME = "$(TARGET_NAME)";
				TEST_TARGET_NAME = ParseJSONSwift2;
				USES_XCTRUNNER = YES;
			};
			name = Debug;
		};
		78810F791BE629430006E150 /* Release */ = {
			isa = XCBuildConfiguration;
			buildSettings = {
				INFOPLIST_FILE = ParseJSONSwift2UITests/Info.plist;
				LD_RUNPATH_SEARCH_PATHS = "$(inherited) @executable_path/Frameworks @loader_path/Frameworks";
				PRODUCT_BUNDLE_IDENTIFIER = com.3einteractive.ParseJSONSwift2UITests;
				PRODUCT_NAME = "$(TARGET_NAME)";
				TEST_TARGET_NAME = ParseJSONSwift2;
				USES_XCTRUNNER = YES;
			};
			name = Release;
		};
/* End XCBuildConfiguration section */

/* Begin XCConfigurationList section */
		78810F441BE629420006E150 /* Build configuration list for PBXProject "ParseJSONSwift2" */ = {
			isa = XCConfigurationList;
			buildConfigurations = (
				78810F6F1BE629430006E150 /* Debug */,
				78810F701BE629430006E150 /* Release */,
			);
			defaultConfigurationIsVisible = 0;
			defaultConfigurationName = Release;
		};
		78810F711BE629430006E150 /* Build configuration list for PBXNativeTarget "ParseJSONSwift2" */ = {
			isa = XCConfigurationList;
			buildConfigurations = (
				78810F721BE629430006E150 /* Debug */,
				78810F731BE629430006E150 /* Release */,
			);
			defaultConfigurationIsVisible = 0;
			defaultConfigurationName = Release;
		};
		78810F741BE629430006E150 /* Build configuration list for PBXNativeTarget "ParseJSONSwift2Tests" */ = {
			isa = XCConfigurationList;
			buildConfigurations = (
				78810F751BE629430006E150 /* Debug */,
				78810F761BE629430006E150 /* Release */,
			);
			defaultConfigurationIsVisible = 0;
			defaultConfigurationName = Release;
		};
		78810F771BE629430006E150 /* Build configuration list for PBXNativeTarget "ParseJSONSwift2UITests" */ = {
			isa = XCConfigurationList;
			buildConfigurations = (
				78810F781BE629430006E150 /* Debug */,
				78810F791BE629430006E150 /* Release */,
			);
			defaultConfigurationIsVisible = 0;
			defaultConfigurationName = Release;
		};
/* End XCConfigurationList section */
	};
	rootObject = 78810F411BE629420006E150 /* Project object */;
}
